{
  "requires": true,
  "lockfileVersion": 1,
  "dependencies": {
    "jquery-weui": {
      "version": "1.2.1",
      "resolved": "https://registry.npmjs.org/jquery-weui/-/jquery-weui-1.2.1.tgz",
      "integrity": "sha512-oP+Ig4E3a2mOQz4M9E5YdfLP5gffnaf1D7BLUPV1DmaaM247U4Pou0SQLoRW65gXwyXcrttE0vdedXgBXKyC7w=="
    }
  }
}
